// !$*UTF8*$!
{
	archiveVersion = 1;
	classes = {
	};
	objectVersion = 56;
	objects = {

/* Begin PBXBuildFile section */
		884DDEA62A241D4700DD138F /* q20kshare in Frameworks */ = {isa = PBXBuildFile; productRef = 884DDEA52A241D4700DD138F /* q20kshare */; };
		887565E02A0882400030AE77 /* main.swift in Sources */ = {isa = PBXBuildFile; fileRef = 887565DF2A0882400030AE77 /* main.swift */; };
		887565E82A0882810030AE77 /* ArgumentParser in Frameworks */ = {isa = PBXBuildFile; productRef = 887565E72A0882810030AE77 /* ArgumentParser */; };
		887566272A1843A50030AE77 /* pumperiosApp.swift in Sources */ = {isa = PBXBuildFile; fileRef = 887566262A1843A50030AE77 /* pumperiosApp.swift */; };
		887566292A1843A50030AE77 /* ContentView.swift in Sources */ = {isa = PBXBuildFile; fileRef = 887566282A1843A50030AE77 /* ContentView.swift */; };
		8875662B2A1843A70030AE77 /* Assets.xcassets in Resources */ = {isa = PBXBuildFile; fileRef = 8875662A2A1843A70030AE77 /* Assets.xcassets */; };
		8875662E2A1843A70030AE77 /* Preview Assets.xcassets in Resources */ = {isa = PBXBuildFile; fileRef = 8875662D2A1843A70030AE77 /* Preview Assets.xcassets */; };
		887566322A18441E0030AE77 /* main.swift in Sources */ = {isa = PBXBuildFile; fileRef = 887565DF2A0882400030AE77 /* main.swift */; };
/* End PBXBuildFile section */

/* Begin PBXCopyFilesBuildPhase section */
		887565DA2A0882400030AE77 /* CopyFiles */ = {
			isa = PBXCopyFilesBuildPhase;
			buildActionMask = 2147483647;
			dstPath = /usr/share/man/man1/;
			dstSubfolderSpec = 0;
			files = (
			);
			runOnlyForDeploymentPostprocessing = 1;
		};
/* End PBXCopyFilesBuildPhase section */

/* Begin PBXFileReference section */
		884DDEAB2A242C9B00DD138F /* README.md */ = {isa = PBXFileReference; lastKnownFileType = net.daringfireball.markdown; path = README.md; sourceTree = "<group>"; };
		887565DC2A0882400030AE77 /* pumper */ = {isa = PBXFileReference; explicitFileType = "compiled.mach-o.executable"; includeInIndex = 0; path = pumper; sourceTree = BUILT_PRODUCTS_DIR; };
		887565DF2A0882400030AE77 /* main.swift */ = {isa = PBXFileReference; lastKnownFileType = sourcecode.swift; path = main.swift; sourceTree = "<group>"; };
		887566242A1843A50030AE77 /* pumperios.app */ = {isa = PBXFileReference; explicitFileType = wrapper.application; includeInIndex = 0; path = pumperios.app; sourceTree = BUILT_PRODUCTS_DIR; };
		887566262A1843A50030AE77 /* pumperiosApp.swift */ = {isa = PBXFileReference; lastKnownFileType = sourcecode.swift; path = pumperiosApp.swift; sourceTree = "<group>"; };
		887566282A1843A50030AE77 /* ContentView.swift */ = {isa = PBXFileReference; lastKnownFileType = sourcecode.swift; path = ContentView.swift; sourceTree = "<group>"; };
		8875662A2A1843A70030AE77 /* Assets.xcassets */ = {isa = PBXFileReference; lastKnownFileType = folder.assetcatalog; path = Assets.xcassets; sourceTree = "<group>"; };
		8875662D2A1843A70030AE77 /* Preview Assets.xcassets */ = {isa = PBXFileReference; lastKnownFileType = folder.assetcatalog; path = "Preview Assets.xcassets"; sourceTree = "<group>"; };
		88B0B20F2A212B1600909EF7 /* JSON-ISSUES.md */ = {isa = PBXFileReference; lastKnownFileType = net.daringfireball.markdown; path = "JSON-ISSUES.md"; sourceTree = "<group>"; };
/* End PBXFileReference section */

/* Begin PBXFrameworksBuildPhase section */
		887565D92A0882400030AE77 /* Frameworks */ = {
			isa = PBXFrameworksBuildPhase;
			buildActionMask = 2147483647;
			files = (
				884DDEA62A241D4700DD138F /* q20kshare in Frameworks */,
				887565E82A0882810030AE77 /* ArgumentParser in Frameworks */,
			);
			runOnlyForDeploymentPostprocessing = 0;
		};
		887566212A1843A50030AE77 /* Frameworks */ = {
			isa = PBXFrameworksBuildPhase;
			buildActionMask = 2147483647;
			files = (
			);
			runOnlyForDeploymentPostprocessing = 0;
		};
/* End PBXFrameworksBuildPhase section */

/* Begin PBXGroup section */
		887565D32A0882400030AE77 = {
			isa = PBXGroup;
			children = (
				887565DE2A0882400030AE77 /* pumper */,
				887566252A1843A50030AE77 /* pumperios */,
				887565DD2A0882400030AE77 /* Products */,
			);
			sourceTree = "<group>";
		};
		887565DD2A0882400030AE77 /* Products */ = {
			isa = PBXGroup;
			children = (
				887565DC2A0882400030AE77 /* pumper */,
				887566242A1843A50030AE77 /* pumperios.app */,
			);
			name = Products;
			sourceTree = "<group>";
		};
		887565DE2A0882400030AE77 /* pumper */ = {
			isa = PBXGroup;
			children = (
				887565DF2A0882400030AE77 /* main.swift */,
				884DDEAB2A242C9B00DD138F /* README.md */,
				88B0B20F2A212B1600909EF7 /* JSON-ISSUES.md */,
			);
			path = pumper;
			sourceTree = "<group>";
		};
		887566252A1843A50030AE77 /* pumperios */ = {
			isa = PBXGroup;
			children = (
				887566262A1843A50030AE77 /* pumperiosApp.swift */,
				887566282A1843A50030AE77 /* ContentView.swift */,
				8875662A2A1843A70030AE77 /* Assets.xcassets */,
				8875662C2A1843A70030AE77 /* Preview Content */,
			);
			path = pumperios;
			sourceTree = "<group>";
		};
		8875662C2A1843A70030AE77 /* Preview Content */ = {
			isa = PBXGroup;
			children = (
				8875662D2A1843A70030AE77 /* Preview Assets.xcassets */,
			);
			path = "Preview Content";
			sourceTree = "<group>";
		};
/* End PBXGroup section */

/* Begin PBXNativeTarget section */
		887565DB2A0882400030AE77 /* pumper */ = {
			isa = PBXNativeTarget;
			buildConfigurationList = 887565E32A0882400030AE77 /* Build configuration list for PBXNativeTarget "pumper" */;
			buildPhases = (
				887565D82A0882400030AE77 /* Sources */,
				887565D92A0882400030AE77 /* Frameworks */,
				887565DA2A0882400030AE77 /* CopyFiles */,
			);
			buildRules = (
			);
			dependencies = (
			);
			name = pumper;
			packageProductDependencies = (
				887565E72A0882810030AE77 /* ArgumentParser */,
				884DDEA52A241D4700DD138F /* q20kshare */,
			);
			productName = pumper;
			productReference = 887565DC2A0882400030AE77 /* pumper */;
			productType = "com.apple.product-type.tool";
		};
		887566232A1843A50030AE77 /* pumperios */ = {
			isa = PBXNativeTarget;
			buildConfigurationList = 8875662F2A1843A70030AE77 /* Build configuration list for PBXNativeTarget "pumperios" */;
			buildPhases = (
				887566202A1843A50030AE77 /* Sources */,
				887566212A1843A50030AE77 /* Frameworks */,
				887566222A1843A50030AE77 /* Resources */,
			);
			buildRules = (
			);
			dependencies = (
			);
			name = pumperios;
			productName = pumperios;
			productReference = 887566242A1843A50030AE77 /* pumperios.app */;
			productType = "com.apple.product-type.application";
		};
/* End PBXNativeTarget section */

/* Begin PBXProject section */
		887565D42A0882400030AE77 /* Project object */ = {
			isa = PBXProject;
			attributes = {
				BuildIndependentTargetsInParallel = 1;
				LastSwiftUpdateCheck = 1430;
				LastUpgradeCheck = 1430;
				TargetAttributes = {
					887565DB2A0882400030AE77 = {
						CreatedOnToolsVersion = 14.3;
					};
					887566232A1843A50030AE77 = {
						CreatedOnToolsVersion = 14.3;
					};
				};
			};
			buildConfigurationList = 887565D72A0882400030AE77 /* Build configuration list for PBXProject "pumper" */;
			compatibilityVersion = "Xcode 14.0";
			developmentRegion = en;
			hasScannedForEncodings = 0;
			knownRegions = (
				en,
				Base,
			);
			mainGroup = 887565D32A0882400030AE77;
			packageReferences = (
				887565E62A0882810030AE77 /* XCRemoteSwiftPackageReference "swift-argument-parser" */,
				88B0B1E92A1FE5B400909EF7 /* XCRemoteSwiftPackageReference "swift-tools-support-core" */,
				88B0B1F02A1FE69100909EF7 /* XCRemoteSwiftPackageReference "swift-system" */,
				884DDEA42A241D4700DD138F /* XCRemoteSwiftPackageReference "q20kshare" */,
			);
			productRefGroup = 887565DD2A0882400030AE77 /* Products */;
			projectDirPath = "";
			projectRoot = "";
			targets = (
				887565DB2A0882400030AE77 /* pumper */,
				887566232A1843A50030AE77 /* pumperios */,
			);
		};
/* End PBXProject section */

/* Begin PBXResourcesBuildPhase section */
		887566222A1843A50030AE77 /* Resources */ = {
			isa = PBXResourcesBuildPhase;
			buildActionMask = 2147483647;
			files = (
				8875662E2A1843A70030AE77 /* Preview Assets.xcassets in Resources */,
				8875662B2A1843A70030AE77 /* Assets.xcassets in Resources */,
			);
			runOnlyForDeploymentPostprocessing = 0;
		};
/* End PBXResourcesBuildPhase section */

/* Begin PBXSourcesBuildPhase section */
		887565D82A0882400030AE77 /* Sources */ = {
			isa = PBXSourcesBuildPhase;
			buildActionMask = 2147483647;
			files = (
				887565E02A0882400030AE77 /* main.swift in Sources */,
			);
			runOnlyForDeploymentPostprocessing = 0;
		};
		887566202A1843A50030AE77 /* Sources */ = {
			isa = PBXSourcesBuildPhase;
			buildActionMask = 2147483647;
			files = (
				887566292A1843A50030AE77 /* ContentView.swift in Sources */,
				887566272A1843A50030AE77 /* pumperiosApp.swift in Sources */,
				887566322A18441E0030AE77 /* main.swift in Sources */,
			);
			runOnlyForDeploymentPostprocessing = 0;
		};
/* End PBXSourcesBuildPhase section */

/* Begin XCBuildConfiguration section */
		887565E12A0882400030AE77 /* Debug */ = {
			isa = XCBuildConfiguration;
			buildSettings = {
				ALWAYS_SEARCH_USER_PATHS = NO;
				CLANG_ANALYZER_NONNULL = YES;
				CLANG_ANALYZER_NUMBER_OBJECT_CONVERSION = YES_AGGRESSIVE;
				CLANG_CXX_LANGUAGE_STANDARD = "gnu++20";
				CLANG_ENABLE_MODULES = YES;
				CLANG_ENABLE_OBJC_ARC = YES;
				CLANG_ENABLE_OBJC_WEAK = YES;
				CLANG_WARN_BLOCK_CAPTURE_AUTORELEASING = YES;
				CLANG_WARN_BOOL_CONVERSION = YES;
				CLANG_WARN_COMMA = YES;
				CLANG_WARN_CONSTANT_CONVERSION = YES;
				CLANG_WARN_DEPRECATED_OBJC_IMPLEMENTATIONS = YES;
				CLANG_WARN_DIRECT_OBJC_ISA_USAGE = YES_ERROR;
				CLANG_WARN_DOCUMENTATION_COMMENTS = YES;
				CLANG_WARN_EMPTY_BODY = YES;
				CLANG_WARN_ENUM_CONVERSION = YES;
				CLANG_WARN_INFINITE_RECURSION = YES;
				CLANG_WARN_INT_CONVERSION = YES;
				CLANG_WARN_NON_LITERAL_NULL_CONVERSION = YES;
				CLANG_WARN_OBJC_IMPLICIT_RETAIN_SELF = YES;
				CLANG_WARN_OBJC_LITERAL_CONVERSION = YES;
				CLANG_WARN_OBJC_ROOT_CLASS = YES_ERROR;
				CLANG_WARN_QUOTED_INCLUDE_IN_FRAMEWORK_HEADER = YES;
				CLANG_WARN_RANGE_LOOP_ANALYSIS = YES;
				CLANG_WARN_STRICT_PROTOTYPES = YES;
				CLANG_WARN_SUSPICIOUS_MOVE = YES;
				CLANG_WARN_UNGUARDED_AVAILABILITY = YES_AGGRESSIVE;
				CLANG_WARN_UNREACHABLE_CODE = YES;
				CLANG_WARN__DUPLICATE_METHOD_MATCH = YES;
				COPY_PHASE_STRIP = NO;
				DEBUG_INFORMATION_FORMAT = dwarf;
				ENABLE_STRICT_OBJC_MSGSEND = YES;
				ENABLE_TESTABILITY = YES;
				GCC_C_LANGUAGE_STANDARD = gnu11;
				GCC_DYNAMIC_NO_PIC = NO;
				GCC_NO_COMMON_BLOCKS = YES;
				GCC_OPTIMIZATION_LEVEL = 0;
				GCC_PREPROCESSOR_DEFINITIONS = (
					"DEBUG=1",
					"$(inherited)",
				);
				GCC_WARN_64_TO_32_BIT_CONVERSION = YES;
				GCC_WARN_ABOUT_RETURN_TYPE = YES_ERROR;
				GCC_WARN_UNDECLARED_SELECTOR = YES;
				GCC_WARN_UNINITIALIZED_AUTOS = YES_AGGRESSIVE;
				GCC_WARN_UNUSED_FUNCTION = YES;
				GCC_WARN_UNUSED_VARIABLE = YES;
				MACOSX_DEPLOYMENT_TARGET = 13.3;
				MTL_ENABLE_DEBUG_INFO = INCLUDE_SOURCE;
				MTL_FAST_MATH = YES;
				ONLY_ACTIVE_ARCH = YES;
				SDKROOT = macosx;
				SWIFT_ACTIVE_COMPILATION_CONDITIONS = DEBUG;
				SWIFT_OPTIMIZATION_LEVEL = "-Onone";
			};
			name = Debug;
		};
		887565E22A0882400030AE77 /* Release */ = {
			isa = XCBuildConfiguration;
			buildSettings = {
				ALWAYS_SEARCH_USER_PATHS = NO;
				CLANG_ANALYZER_NONNULL = YES;
				CLANG_ANALYZER_NUMBER_OBJECT_CONVERSION = YES_AGGRESSIVE;
				CLANG_CXX_LANGUAGE_STANDARD = "gnu++20";
				CLANG_ENABLE_MODULES = YES;
				CLANG_ENABLE_OBJC_ARC = YES;
				CLANG_ENABLE_OBJC_WEAK = YES;
				CLANG_WARN_BLOCK_CAPTURE_AUTORELEASING = YES;
				CLANG_WARN_BOOL_CONVERSION = YES;
				CLANG_WARN_COMMA = YES;
				CLANG_WARN_CONSTANT_CONVERSION = YES;
				CLANG_WARN_DEPRECATED_OBJC_IMPLEMENTATIONS = YES;
				CLANG_WARN_DIRECT_OBJC_ISA_USAGE = YES_ERROR;
				CLANG_WARN_DOCUMENTATION_COMMENTS = YES;
				CLANG_WARN_EMPTY_BODY = YES;
				CLANG_WARN_ENUM_CONVERSION = YES;
				CLANG_WARN_INFINITE_RECURSION = YES;
				CLANG_WARN_INT_CONVERSION = YES;
				CLANG_WARN_NON_LITERAL_NULL_CONVERSION = YES;
				CLANG_WARN_OBJC_IMPLICIT_RETAIN_SELF = YES;
				CLANG_WARN_OBJC_LITERAL_CONVERSION = YES;
				CLANG_WARN_OBJC_ROOT_CLASS = YES_ERROR;
				CLANG_WARN_QUOTED_INCLUDE_IN_FRAMEWORK_HEADER = YES;
				CLANG_WARN_RANGE_LOOP_ANALYSIS = YES;
				CLANG_WARN_STRICT_PROTOTYPES = YES;
				CLANG_WARN_SUSPICIOUS_MOVE = YES;
				CLANG_WARN_UNGUARDED_AVAILABILITY = YES_AGGRESSIVE;
				CLANG_WARN_UNREACHABLE_CODE = YES;
				CLANG_WARN__DUPLICATE_METHOD_MATCH = YES;
				COPY_PHASE_STRIP = NO;
				DEBUG_INFORMATION_FORMAT = "dwarf-with-dsym";
				ENABLE_NS_ASSERTIONS = NO;
				ENABLE_STRICT_OBJC_MSGSEND = YES;
				GCC_C_LANGUAGE_STANDARD = gnu11;
				GCC_NO_COMMON_BLOCKS = YES;
				GCC_WARN_64_TO_32_BIT_CONVERSION = YES;
				GCC_WARN_ABOUT_RETURN_TYPE = YES_ERROR;
				GCC_WARN_UNDECLARED_SELECTOR = YES;
				GCC_WARN_UNINITIALIZED_AUTOS = YES_AGGRESSIVE;
				GCC_WARN_UNUSED_FUNCTION = YES;
				GCC_WARN_UNUSED_VARIABLE = YES;
				MACOSX_DEPLOYMENT_TARGET = 13.3;
				MTL_ENABLE_DEBUG_INFO = NO;
				MTL_FAST_MATH = YES;
				SDKROOT = macosx;
				SWIFT_COMPILATION_MODE = wholemodule;
				SWIFT_OPTIMIZATION_LEVEL = "-O";
			};
			name = Release;
		};
		887565E42A0882400030AE77 /* Debug */ = {
			isa = XCBuildConfiguration;
			buildSettings = {
				CODE_SIGN_STYLE = Automatic;
				DEVELOPMENT_TEAM = X2PQYA6S48;
				ENABLE_HARDENED_RUNTIME = YES;
				PRODUCT_NAME = "$(TARGET_NAME)";
				SWIFT_VERSION = 5.0;
			};
			name = Debug;
		};
		887565E52A0882400030AE77 /* Release */ = {
			isa = XCBuildConfiguration;
			buildSettings = {
				CODE_SIGN_STYLE = Automatic;
				DEVELOPMENT_TEAM = X2PQYA6S48;
				ENABLE_HARDENED_RUNTIME = YES;
				PRODUCT_NAME = "$(TARGET_NAME)";
				SWIFT_VERSION = 5.0;
			};
			name = Release;
		};
		887566302A1843A70030AE77 /* Debug */ = {
			isa = XCBuildConfiguration;
			buildSettings = {
				ASSETCATALOG_COMPILER_APPICON_NAME = AppIcon;
				ASSETCATALOG_COMPILER_GLOBAL_ACCENT_COLOR_NAME = AccentColor;
				CODE_SIGN_STYLE = Automatic;
				CURRENT_PROJECT_VERSION = 1;
				DEVELOPMENT_ASSET_PATHS = "\"pumperios/Preview Content\"";
				DEVELOPMENT_TEAM = X2PQYA6S48;
				ENABLE_PREVIEWS = YES;
				GENERATE_INFOPLIST_FILE = YES;
				INFOPLIST_KEY_UIApplicationSceneManifest_Generation = YES;
				INFOPLIST_KEY_UIApplicationSupportsIndirectInputEvents = YES;
				INFOPLIST_KEY_UILaunchScreen_Generation = YES;
				INFOPLIST_KEY_UISupportedInterfaceOrientations_iPad = "UIInterfaceOrientationPortrait UIInterfaceOrientationPortraitUpsideDown UIInterfaceOrientationLandscapeLeft UIInterfaceOrientationLandscapeRight";
				INFOPLIST_KEY_UISupportedInterfaceOrientations_iPhone = "UIInterfaceOrientationPortrait UIInterfaceOrientationLandscapeLeft UIInterfaceOrientationLandscapeRight";
				IPHONEOS_DEPLOYMENT_TARGET = 16.4;
				LD_RUNPATH_SEARCH_PATHS = (
					"$(inherited)",
					"@executable_path/Frameworks",
				);
				MARKETING_VERSION = 1.0;
				PRODUCT_BUNDLE_IDENTIFIER = com.billdonner.pumperios;
				PRODUCT_NAME = "$(TARGET_NAME)";
				SDKROOT = iphoneos;
				SWIFT_EMIT_LOC_STRINGS = YES;
				SWIFT_VERSION = 5.0;
				TARGETED_DEVICE_FAMILY = "1,2";
			};
			name = Debug;
		};
		887566312A1843A70030AE77 /* Release */ = {
			isa = XCBuildConfiguration;
			buildSettings = {
				ASSETCATALOG_COMPILER_APPICON_NAME = AppIcon;
				ASSETCATALOG_COMPILER_GLOBAL_ACCENT_COLOR_NAME = AccentColor;
				CODE_SIGN_STYLE = Automatic;
				CURRENT_PROJECT_VERSION = 1;
				DEVELOPMENT_ASSET_PATHS = "\"pumperios/Preview Content\"";
				DEVELOPMENT_TEAM = X2PQYA6S48;
				ENABLE_PREVIEWS = YES;
				GENERATE_INFOPLIST_FILE = YES;
				INFOPLIST_KEY_UIApplicationSceneManifest_Generation = YES;
				INFOPLIST_KEY_UIApplicationSupportsIndirectInputEvents = YES;
				INFOPLIST_KEY_UILaunchScreen_Generation = YES;
				INFOPLIST_KEY_UISupportedInterfaceOrientations_iPad = "UIInterfaceOrientationPortrait UIInterfaceOrientationPortraitUpsideDown UIInterfaceOrientationLandscapeLeft UIInterfaceOrientationLandscapeRight";
				INFOPLIST_KEY_UISupportedInterfaceOrientations_iPhone = "UIInterfaceOrientationPortrait UIInterfaceOrientationLandscapeLeft UIInterfaceOrientationLandscapeRight";
				IPHONEOS_DEPLOYMENT_TARGET = 16.4;
				LD_RUNPATH_SEARCH_PATHS = (
					"$(inherited)",
					"@executable_path/Frameworks",
				);
				MARKETING_VERSION = 1.0;
				PRODUCT_BUNDLE_IDENTIFIER = com.billdonner.pumperios;
				PRODUCT_NAME = "$(TARGET_NAME)";
				SDKROOT = iphoneos;
				SWIFT_EMIT_LOC_STRINGS = YES;
				SWIFT_VERSION = 5.0;
				TARGETED_DEVICE_FAMILY = "1,2";
				VALIDATE_PRODUCT = YES;
			};
			name = Release;
		};
/* End XCBuildConfiguration section */

/* Begin XCConfigurationList section */
		887565D72A0882400030AE77 /* Build configuration list for PBXProject "pumper" */ = {
			isa = XCConfigurationList;
			buildConfigurations = (
				887565E12A0882400030AE77 /* Debug */,
				887565E22A0882400030AE77 /* Release */,
			);
			defaultConfigurationIsVisible = 0;
			defaultConfigurationName = Release;
		};
		887565E32A0882400030AE77 /* Build configuration list for PBXNativeTarget "pumper" */ = {
			isa = XCConfigurationList;
			buildConfigurations = (
				887565E42A0882400030AE77 /* Debug */,
				887565E52A0882400030AE77 /* Release */,
			);
			defaultConfigurationIsVisible = 0;
			defaultConfigurationName = Release;
		};
		8875662F2A1843A70030AE77 /* Build configuration list for PBXNativeTarget "pumperios" */ = {
			isa = XCConfigurationList;
			buildConfigurations = (
				887566302A1843A70030AE77 /* Debug */,
				887566312A1843A70030AE77 /* Release */,
			);
			defaultConfigurationIsVisible = 0;
			defaultConfigurationName = Release;
		};
/* End XCConfigurationList section */

/* Begin XCRemoteSwiftPackageReference section */
		884DDEA42A241D4700DD138F /* XCRemoteSwiftPackageReference "q20kshare" */ = {
			isa = XCRemoteSwiftPackageReference;
			repositoryURL = "https://github.com/billdonner/q20kshare";
			requirement = {
				branch = main;
				kind = branch;
			};
		};
		887565E62A0882810030AE77 /* XCRemoteSwiftPackageReference "swift-argument-parser" */ = {
			isa = XCRemoteSwiftPackageReference;
			repositoryURL = "https://github.com/apple/swift-argument-parser.git";
			requirement = {
				kind = upToNextMajorVersion;
				minimumVersion = 1.0.0;
			};
		};
		88B0B1E92A1FE5B400909EF7 /* XCRemoteSwiftPackageReference "swift-tools-support-core" */ = {
			isa = XCRemoteSwiftPackageReference;
			repositoryURL = "https://github.com/apple/swift-tools-support-core.git";
			requirement = {
				kind = upToNextMajorVersion;
				minimumVersion = 0.5.2;
			};
		};
		88B0B1F02A1FE69100909EF7 /* XCRemoteSwiftPackageReference "swift-system" */ = {
			isa = XCRemoteSwiftPackageReference;
			repositoryURL = "https://github.com/apple/swift-system.git";
			requirement = {
				kind = upToNextMajorVersion;
				minimumVersion = 1.0.0;
			};
		};
/* End XCRemoteSwiftPackageReference section */

/* Begin XCSwiftPackageProductDependency section */
		884DDEA52A241D4700DD138F /* q20kshare */ = {
			isa = XCSwiftPackageProductDependency;
			package = 884DDEA42A241D4700DD138F /* XCRemoteSwiftPackageReference "q20kshare" */;
			productName = q20kshare;
		};
		887565E72A0882810030AE77 /* ArgumentParser */ = {
			isa = XCSwiftPackageProductDependency;
			package = 887565E62A0882810030AE77 /* XCRemoteSwiftPackageReference "swift-argument-parser" */;
			productName = ArgumentParser;
		};
/* End XCSwiftPackageProductDependency section */
	};
	rootObject = 887565D42A0882400030AE77 /* Project object */;
}
