// !$*UTF8*$!
{
	archiveVersion = 1;
	classes = {
	};
	objectVersion = 56;
	objects = {

/* Begin PBXBuildFile section */
		8844C6F92A40DB7B00A88E42 /* ter02.swift in Sources */ = {isa = PBXBuildFile; fileRef = 8844C6F82A40DB7B00A88E42 /* ter02.swift */; };
		8844C71A2A479D8A00A88E42 /* veracitystuff.swift in Sources */ = {isa = PBXBuildFile; fileRef = 8844C7192A479D8A00A88E42 /* veracitystuff.swift */; };
		8844C71C2A479DA800A88E42 /* pumperstuff.swift in Sources */ = {isa = PBXBuildFile; fileRef = 8844C71B2A479DA800A88E42 /* pumperstuff.swift */; };
		884DDEA62A241D4700DD138F /* q20kshare in Frameworks */ = {isa = PBXBuildFile; productRef = 884DDEA52A241D4700DD138F /* q20kshare */; };
		887565E02A0882400030AE77 /* main.swift in Sources */ = {isa = PBXBuildFile; fileRef = 887565DF2A0882400030AE77 /* main.swift */; };
		887565E82A0882810030AE77 /* ArgumentParser in Frameworks */ = {isa = PBXBuildFile; productRef = 887565E72A0882810030AE77 /* ArgumentParser */; };
/* End PBXBuildFile section */

/* Begin PBXCopyFilesBuildPhase section */
		887565DA2A0882400030AE77 /* CopyFiles */ = {
			isa = PBXCopyFilesBuildPhase;
			buildActionMask = 2147483647;
			dstPath = /usr/share/man/man1/;
			dstSubfolderSpec = 0;
			files = (
			);
			runOnlyForDeploymentPostprocessing = 1;
		};
/* End PBXCopyFilesBuildPhase section */

/* Begin PBXFileReference section */
		8844C6F62A40DB7B00A88E42 /* ter02.xctest */ = {isa = PBXFileReference; explicitFileType = wrapper.cfbundle; includeInIndex = 0; path = ter02.xctest; sourceTree = BUILT_PRODUCTS_DIR; };
		8844C6F82A40DB7B00A88E42 /* ter02.swift */ = {isa = PBXFileReference; lastKnownFileType = sourcecode.swift; path = ter02.swift; sourceTree = "<group>"; };
		8844C7192A479D8A00A88E42 /* veracitystuff.swift */ = {isa = PBXFileReference; lastKnownFileType = sourcecode.swift; path = veracitystuff.swift; sourceTree = "<group>"; };
		8844C71B2A479DA800A88E42 /* pumperstuff.swift */ = {isa = PBXFileReference; lastKnownFileType = sourcecode.swift; path = pumperstuff.swift; sourceTree = "<group>"; };
		884DDEAB2A242C9B00DD138F /* README.md */ = {isa = PBXFileReference; lastKnownFileType = net.daringfireball.markdown; path = README.md; sourceTree = "<group>"; };
		887565DC2A0882400030AE77 /* pumper */ = {isa = PBXFileReference; explicitFileType = "compiled.mach-o.executable"; includeInIndex = 0; path = pumper; sourceTree = BUILT_PRODUCTS_DIR; };
		887565DF2A0882400030AE77 /* main.swift */ = {isa = PBXFileReference; lastKnownFileType = sourcecode.swift; path = main.swift; sourceTree = "<group>"; };
/* End PBXFileReference section */

/* Begin PBXFrameworksBuildPhase section */
		8844C6F32A40DB7B00A88E42 /* Frameworks */ = {
			isa = PBXFrameworksBuildPhase;
			buildActionMask = 2147483647;
			files = (
			);
			runOnlyForDeploymentPostprocessing = 0;
		};
		887565D92A0882400030AE77 /* Frameworks */ = {
			isa = PBXFrameworksBuildPhase;
			buildActionMask = 2147483647;
			files = (
				884DDEA62A241D4700DD138F /* q20kshare in Frameworks */,
				887565E82A0882810030AE77 /* ArgumentParser in Frameworks */,
			);
			runOnlyForDeploymentPostprocessing = 0;
		};
/* End PBXFrameworksBuildPhase section */

/* Begin PBXGroup section */
		8844C6F72A40DB7B00A88E42 /* ter02 */ = {
			isa = PBXGroup;
			children = (
				8844C6F82A40DB7B00A88E42 /* ter02.swift */,
			);
			path = ter02;
			sourceTree = "<group>";
		};
		887565D32A0882400030AE77 = {
			isa = PBXGroup;
			children = (
				884DDEAB2A242C9B00DD138F /* README.md */,
				887565DE2A0882400030AE77 /* pumper */,
				8844C6F72A40DB7B00A88E42 /* ter02 */,
				887565DD2A0882400030AE77 /* Products */,
			);
			sourceTree = "<group>";
		};
		887565DD2A0882400030AE77 /* Products */ = {
			isa = PBXGroup;
			children = (
				887565DC2A0882400030AE77 /* pumper */,
				8844C6F62A40DB7B00A88E42 /* ter02.xctest */,
			);
			name = Products;
			sourceTree = "<group>";
		};
		887565DE2A0882400030AE77 /* pumper */ = {
			isa = PBXGroup;
			children = (
				887565DF2A0882400030AE77 /* main.swift */,
				8844C7192A479D8A00A88E42 /* veracitystuff.swift */,
				8844C71B2A479DA800A88E42 /* pumperstuff.swift */,
			);
			path = pumper;
			sourceTree = "<group>";
		};
/* End PBXGroup section */

/* Begin PBXNativeTarget section */
		8844C6F52A40DB7B00A88E42 /* ter02 */ = {
			isa = PBXNativeTarget;
			buildConfigurationList = 8844C6FC2A40DB7B00A88E42 /* Build configuration list for PBXNativeTarget "ter02" */;
			buildPhases = (
				8844C6F22A40DB7B00A88E42 /* Sources */,
				8844C6F32A40DB7B00A88E42 /* Frameworks */,
				8844C6F42A40DB7B00A88E42 /* Resources */,
			);
			buildRules = (
			);
			dependencies = (
			);
			name = ter02;
			productName = ter02;
			productReference = 8844C6F62A40DB7B00A88E42 /* ter02.xctest */;
			productType = "com.apple.product-type.bundle.unit-test";
		};
		887565DB2A0882400030AE77 /* pumper */ = {
			isa = PBXNativeTarget;
			buildConfigurationList = 887565E32A0882400030AE77 /* Build configuration list for PBXNativeTarget "pumper" */;
			buildPhases = (
				887565D82A0882400030AE77 /* Sources */,
				887565D92A0882400030AE77 /* Frameworks */,
				887565DA2A0882400030AE77 /* CopyFiles */,
			);
			buildRules = (
			);
			dependencies = (
			);
			name = pumper;
			packageProductDependencies = (
				887565E72A0882810030AE77 /* ArgumentParser */,
				884DDEA52A241D4700DD138F /* q20kshare */,
			);
			productName = pumper;
			productReference = 887565DC2A0882400030AE77 /* pumper */;
			productType = "com.apple.product-type.tool";
		};
/* End PBXNativeTarget section */

/* Begin PBXProject section */
		887565D42A0882400030AE77 /* Project object */ = {
			isa = PBXProject;
			attributes = {
				BuildIndependentTargetsInParallel = 1;
				LastSwiftUpdateCheck = 1430;
				LastUpgradeCheck = 1430;
				TargetAttributes = {
					8844C6F52A40DB7B00A88E42 = {
						CreatedOnToolsVersion = 14.3.1;
					};
					887565DB2A0882400030AE77 = {
						CreatedOnToolsVersion = 14.3;
					};
				};
			};
			buildConfigurationList = 887565D72A0882400030AE77 /* Build configuration list for PBXProject "pumper" */;
			compatibilityVersion = "Xcode 14.0";
			developmentRegion = en;
			hasScannedForEncodings = 0;
			knownRegions = (
				en,
				Base,
			);
			mainGroup = 887565D32A0882400030AE77;
			packageReferences = (
				887565E62A0882810030AE77 /* XCRemoteSwiftPackageReference "swift-argument-parser" */,
				88B0B1E92A1FE5B400909EF7 /* XCRemoteSwiftPackageReference "swift-tools-support-core" */,
				88B0B1F02A1FE69100909EF7 /* XCRemoteSwiftPackageReference "swift-system" */,
				884DDEA42A241D4700DD138F /* XCRemoteSwiftPackageReference "q20kshare" */,
			);
			productRefGroup = 887565DD2A0882400030AE77 /* Products */;
			projectDirPath = "";
			projectRoot = "";
			targets = (
				887565DB2A0882400030AE77 /* pumper */,
				8844C6F52A40DB7B00A88E42 /* ter02 */,
			);
		};
/* End PBXProject section */

/* Begin PBXResourcesBuildPhase section */
		8844C6F42A40DB7B00A88E42 /* Resources */ = {
			isa = PBXResourcesBuildPhase;
			buildActionMask = 2147483647;
			files = (
			);
			runOnlyForDeploymentPostprocessing = 0;
		};
/* End PBXResourcesBuildPhase section */

/* Begin PBXSourcesBuildPhase section */
		8844C6F22A40DB7B00A88E42 /* Sources */ = {
			isa = PBXSourcesBuildPhase;
			buildActionMask = 2147483647;
			files = (
				8844C6F92A40DB7B00A88E42 /* ter02.swift in Sources */,
			);
			runOnlyForDeploymentPostprocessing = 0;
		};
		887565D82A0882400030AE77 /* Sources */ = {
			isa = PBXSourcesBuildPhase;
			buildActionMask = 2147483647;
			files = (
				8844C71A2A479D8A00A88E42 /* veracitystuff.swift in Sources */,
				887565E02A0882400030AE77 /* main.swift in Sources */,
				8844C71C2A479DA800A88E42 /* pumperstuff.swift in Sources */,
			);
			runOnlyForDeploymentPostprocessing = 0;
		};
/* End PBXSourcesBuildPhase section */

/* Begin XCBuildConfiguration section */
		8844C6FA2A40DB7B00A88E42 /* Debug */ = {
			isa = XCBuildConfiguration;
			buildSettings = {
				CODE_SIGN_STYLE = Automatic;
				CURRENT_PROJECT_VERSION = 1;
				DEVELOPMENT_TEAM = X2PQYA6S48;
				GENERATE_INFOPLIST_FILE = YES;
				IPHONEOS_DEPLOYMENT_TARGET = 16.4;
				MACOSX_DEPLOYMENT_TARGET = 13.3;
				MARKETING_VERSION = 1.0;
				PRODUCT_BUNDLE_IDENTIFIER = com.billdonner.ter02;
				PRODUCT_NAME = "$(TARGET_NAME)";
				SDKROOT = auto;
				SUPPORTED_PLATFORMS = "iphoneos iphonesimulator macosx";
				SWIFT_EMIT_LOC_STRINGS = NO;
				SWIFT_VERSION = 5.0;
				TARGETED_DEVICE_FAMILY = "1,2";
			};
			name = Debug;
		};
		8844C6FB2A40DB7B00A88E42 /* Release */ = {
			isa = XCBuildConfiguration;
			buildSettings = {
				CODE_SIGN_STYLE = Automatic;
				CURRENT_PROJECT_VERSION = 1;
				DEVELOPMENT_TEAM = X2PQYA6S48;
				GENERATE_INFOPLIST_FILE = YES;
				IPHONEOS_DEPLOYMENT_TARGET = 16.4;
				MACOSX_DEPLOYMENT_TARGET = 13.3;
				MARKETING_VERSION = 1.0;
				PRODUCT_BUNDLE_IDENTIFIER = com.billdonner.ter02;
				PRODUCT_NAME = "$(TARGET_NAME)";
				SDKROOT = auto;
				SUPPORTED_PLATFORMS = "iphoneos iphonesimulator macosx";
				SWIFT_EMIT_LOC_STRINGS = NO;
				SWIFT_VERSION = 5.0;
				TARGETED_DEVICE_FAMILY = "1,2";
			};
			name = Release;
		};
		887565E12A0882400030AE77 /* Debug */ = {
			isa = XCBuildConfiguration;
			buildSettings = {
				ALWAYS_SEARCH_USER_PATHS = NO;
				CLANG_ANALYZER_NONNULL = YES;
				CLANG_ANALYZER_NUMBER_OBJECT_CONVERSION = YES_AGGRESSIVE;
				CLANG_CXX_LANGUAGE_STANDARD = "gnu++20";
				CLANG_ENABLE_MODULES = YES;
				CLANG_ENABLE_OBJC_ARC = YES;
				CLANG_ENABLE_OBJC_WEAK = YES;
				CLANG_WARN_BLOCK_CAPTURE_AUTORELEASING = YES;
				CLANG_WARN_BOOL_CONVERSION = YES;
				CLANG_WARN_COMMA = YES;
				CLANG_WARN_CONSTANT_CONVERSION = YES;
				CLANG_WARN_DEPRECATED_OBJC_IMPLEMENTATIONS = YES;
				CLANG_WARN_DIRECT_OBJC_ISA_USAGE = YES_ERROR;
				CLANG_WARN_DOCUMENTATION_COMMENTS = YES;
				CLANG_WARN_EMPTY_BODY = YES;
				CLANG_WARN_ENUM_CONVERSION = YES;
				CLANG_WARN_INFINITE_RECURSION = YES;
				CLANG_WARN_INT_CONVERSION = YES;
				CLANG_WARN_NON_LITERAL_NULL_CONVERSION = YES;
				CLANG_WARN_OBJC_IMPLICIT_RETAIN_SELF = YES;
				CLANG_WARN_OBJC_LITERAL_CONVERSION = YES;
				CLANG_WARN_OBJC_ROOT_CLASS = YES_ERROR;
				CLANG_WARN_QUOTED_INCLUDE_IN_FRAMEWORK_HEADER = YES;
				CLANG_WARN_RANGE_LOOP_ANALYSIS = YES;
				CLANG_WARN_STRICT_PROTOTYPES = YES;
				CLANG_WARN_SUSPICIOUS_MOVE = YES;
				CLANG_WARN_UNGUARDED_AVAILABILITY = YES_AGGRESSIVE;
				CLANG_WARN_UNREACHABLE_CODE = YES;
				CLANG_WARN__DUPLICATE_METHOD_MATCH = YES;
				COPY_PHASE_STRIP = NO;
				DEBUG_INFORMATION_FORMAT = dwarf;
				ENABLE_STRICT_OBJC_MSGSEND = YES;
				ENABLE_TESTABILITY = YES;
				GCC_C_LANGUAGE_STANDARD = gnu11;
				GCC_DYNAMIC_NO_PIC = NO;
				GCC_NO_COMMON_BLOCKS = YES;
				GCC_OPTIMIZATION_LEVEL = 0;
				GCC_PREPROCESSOR_DEFINITIONS = (
					"DEBUG=1",
					"$(inherited)",
				);
				GCC_WARN_64_TO_32_BIT_CONVERSION = YES;
				GCC_WARN_ABOUT_RETURN_TYPE = YES_ERROR;
				GCC_WARN_UNDECLARED_SELECTOR = YES;
				GCC_WARN_UNINITIALIZED_AUTOS = YES_AGGRESSIVE;
				GCC_WARN_UNUSED_FUNCTION = YES;
				GCC_WARN_UNUSED_VARIABLE = YES;
				MACOSX_DEPLOYMENT_TARGET = 13.3;
				MTL_ENABLE_DEBUG_INFO = INCLUDE_SOURCE;
				MTL_FAST_MATH = YES;
				ONLY_ACTIVE_ARCH = YES;
				PRODUCT_NAME = Pumper;
				SDKROOT = macosx;
				SWIFT_ACTIVE_COMPILATION_CONDITIONS = DEBUG;
				SWIFT_OPTIMIZATION_LEVEL = "-Onone";
			};
			name = Debug;
		};
		887565E22A0882400030AE77 /* Release */ = {
			isa = XCBuildConfiguration;
			buildSettings = {
				ALWAYS_SEARCH_USER_PATHS = NO;
				CLANG_ANALYZER_NONNULL = YES;
				CLANG_ANALYZER_NUMBER_OBJECT_CONVERSION = YES_AGGRESSIVE;
				CLANG_CXX_LANGUAGE_STANDARD = "gnu++20";
				CLANG_ENABLE_MODULES = YES;
				CLANG_ENABLE_OBJC_ARC = YES;
				CLANG_ENABLE_OBJC_WEAK = YES;
				CLANG_WARN_BLOCK_CAPTURE_AUTORELEASING = YES;
				CLANG_WARN_BOOL_CONVERSION = YES;
				CLANG_WARN_COMMA = YES;
				CLANG_WARN_CONSTANT_CONVERSION = YES;
				CLANG_WARN_DEPRECATED_OBJC_IMPLEMENTATIONS = YES;
				CLANG_WARN_DIRECT_OBJC_ISA_USAGE = YES_ERROR;
				CLANG_WARN_DOCUMENTATION_COMMENTS = YES;
				CLANG_WARN_EMPTY_BODY = YES;
				CLANG_WARN_ENUM_CONVERSION = YES;
				CLANG_WARN_INFINITE_RECURSION = YES;
				CLANG_WARN_INT_CONVERSION = YES;
				CLANG_WARN_NON_LITERAL_NULL_CONVERSION = YES;
				CLANG_WARN_OBJC_IMPLICIT_RETAIN_SELF = YES;
				CLANG_WARN_OBJC_LITERAL_CONVERSION = YES;
				CLANG_WARN_OBJC_ROOT_CLASS = YES_ERROR;
				CLANG_WARN_QUOTED_INCLUDE_IN_FRAMEWORK_HEADER = YES;
				CLANG_WARN_RANGE_LOOP_ANALYSIS = YES;
				CLANG_WARN_STRICT_PROTOTYPES = YES;
				CLANG_WARN_SUSPICIOUS_MOVE = YES;
				CLANG_WARN_UNGUARDED_AVAILABILITY = YES_AGGRESSIVE;
				CLANG_WARN_UNREACHABLE_CODE = YES;
				CLANG_WARN__DUPLICATE_METHOD_MATCH = YES;
				COPY_PHASE_STRIP = NO;
				DEBUG_INFORMATION_FORMAT = "dwarf-with-dsym";
				ENABLE_NS_ASSERTIONS = NO;
				ENABLE_STRICT_OBJC_MSGSEND = YES;
				GCC_C_LANGUAGE_STANDARD = gnu11;
				GCC_NO_COMMON_BLOCKS = YES;
				GCC_WARN_64_TO_32_BIT_CONVERSION = YES;
				GCC_WARN_ABOUT_RETURN_TYPE = YES_ERROR;
				GCC_WARN_UNDECLARED_SELECTOR = YES;
				GCC_WARN_UNINITIALIZED_AUTOS = YES_AGGRESSIVE;
				GCC_WARN_UNUSED_FUNCTION = YES;
				GCC_WARN_UNUSED_VARIABLE = YES;
				MACOSX_DEPLOYMENT_TARGET = 13.3;
				MTL_ENABLE_DEBUG_INFO = NO;
				MTL_FAST_MATH = YES;
				PRODUCT_NAME = Pumper;
				SDKROOT = macosx;
				SWIFT_COMPILATION_MODE = wholemodule;
				SWIFT_OPTIMIZATION_LEVEL = "-O";
			};
			name = Release;
		};
		887565E42A0882400030AE77 /* Debug */ = {
			isa = XCBuildConfiguration;
			buildSettings = {
				CODE_SIGN_STYLE = Automatic;
				DEVELOPMENT_TEAM = X2PQYA6S48;
				ENABLE_HARDENED_RUNTIME = YES;
				PRODUCT_NAME = "$(TARGET_NAME)";
				SWIFT_VERSION = 5.0;
			};
			name = Debug;
		};
		887565E52A0882400030AE77 /* Release */ = {
			isa = XCBuildConfiguration;
			buildSettings = {
				CODE_SIGN_STYLE = Automatic;
				DEVELOPMENT_TEAM = X2PQYA6S48;
				ENABLE_HARDENED_RUNTIME = YES;
				PRODUCT_NAME = "$(TARGET_NAME)";
				SWIFT_VERSION = 5.0;
			};
			name = Release;
		};
/* End XCBuildConfiguration section */

/* Begin XCConfigurationList section */
		8844C6FC2A40DB7B00A88E42 /* Build configuration list for PBXNativeTarget "ter02" */ = {
			isa = XCConfigurationList;
			buildConfigurations = (
				8844C6FA2A40DB7B00A88E42 /* Debug */,
				8844C6FB2A40DB7B00A88E42 /* Release */,
			);
			defaultConfigurationIsVisible = 0;
			defaultConfigurationName = Release;
		};
		887565D72A0882400030AE77 /* Build configuration list for PBXProject "pumper" */ = {
			isa = XCConfigurationList;
			buildConfigurations = (
				887565E12A0882400030AE77 /* Debug */,
				887565E22A0882400030AE77 /* Release */,
			);
			defaultConfigurationIsVisible = 0;
			defaultConfigurationName = Release;
		};
		887565E32A0882400030AE77 /* Build configuration list for PBXNativeTarget "pumper" */ = {
			isa = XCConfigurationList;
			buildConfigurations = (
				887565E42A0882400030AE77 /* Debug */,
				887565E52A0882400030AE77 /* Release */,
			);
			defaultConfigurationIsVisible = 0;
			defaultConfigurationName = Release;
		};
/* End XCConfigurationList section */

/* Begin XCRemoteSwiftPackageReference section */
		884DDEA42A241D4700DD138F /* XCRemoteSwiftPackageReference "q20kshare" */ = {
			isa = XCRemoteSwiftPackageReference;
			repositoryURL = "https://github.com/billdonner/q20kshare";
			requirement = {
				branch = main;
				kind = branch;
			};
		};
		887565E62A0882810030AE77 /* XCRemoteSwiftPackageReference "swift-argument-parser" */ = {
			isa = XCRemoteSwiftPackageReference;
			repositoryURL = "https://github.com/apple/swift-argument-parser.git";
			requirement = {
				kind = upToNextMajorVersion;
				minimumVersion = 1.0.0;
			};
		};
		88B0B1E92A1FE5B400909EF7 /* XCRemoteSwiftPackageReference "swift-tools-support-core" */ = {
			isa = XCRemoteSwiftPackageReference;
			repositoryURL = "https://github.com/apple/swift-tools-support-core.git";
			requirement = {
				kind = upToNextMajorVersion;
				minimumVersion = 0.5.2;
			};
		};
		88B0B1F02A1FE69100909EF7 /* XCRemoteSwiftPackageReference "swift-system" */ = {
			isa = XCRemoteSwiftPackageReference;
			repositoryURL = "https://github.com/apple/swift-system.git";
			requirement = {
				kind = upToNextMajorVersion;
				minimumVersion = 1.0.0;
			};
		};
/* End XCRemoteSwiftPackageReference section */

/* Begin XCSwiftPackageProductDependency section */
		884DDEA52A241D4700DD138F /* q20kshare */ = {
			isa = XCSwiftPackageProductDependency;
			package = 884DDEA42A241D4700DD138F /* XCRemoteSwiftPackageReference "q20kshare" */;
			productName = q20kshare;
		};
		887565E72A0882810030AE77 /* ArgumentParser */ = {
			isa = XCSwiftPackageProductDependency;
			package = 887565E62A0882810030AE77 /* XCRemoteSwiftPackageReference "swift-argument-parser" */;
			productName = ArgumentParser;
		};
/* End XCSwiftPackageProductDependency section */
	};
	rootObject = 887565D42A0882400030AE77 /* Project object */;
}
